// !$*UTF8*$!
{
	archiveVersion = 1;
	classes = {
	};
	objectVersion = 46;
	objects = {

/* Begin PBXBuildFile section */
		1D60589B0D05DD56006BFB54 /* main.m in Sources */ = {isa = PBXBuildFile; fileRef = 29B97316FDCFA39411CA2CEA /* main.m */; };
		1D60589F0D05DD5A006BFB54 /* Foundation.framework in Frameworks */ = {isa = PBXBuildFile; fileRef = 1D30AB110D05D00D00671497 /* Foundation.framework */; };
		1DF5F4E00D08C38300B7A737 /* UIKit.framework in Frameworks */ = {isa = PBXBuildFile; fileRef = 1DF5F4DF0D08C38300B7A737 /* UIKit.framework */; };
		2860E329111B887F00E27156 /* MainWindow-iPhone.xib in Resources */ = {isa = PBXBuildFile; fileRef = 2860E327111B887F00E27156 /* MainWindow-iPhone.xib */; };
		2860E32E111B888700E27156 /* AppDelegate.m in Sources */ = {isa = PBXBuildFile; fileRef = 2860E32C111B888700E27156 /* AppDelegate.m */; };
		2860E32F111B888700E27156 /* MainWindow-iPad.xib in Resources */ = {isa = PBXBuildFile; fileRef = 2860E32D111B888700E27156 /* MainWindow-iPad.xib */; };
		288765FD0DF74451002DB57D /* CoreGraphics.framework in Frameworks */ = {isa = PBXBuildFile; fileRef = 288765FC0DF74451002DB57D /* CoreGraphics.framework */; };
		45117EF8127238B2002B821F /* libPlatinum.a in Frameworks */ = {isa = PBXBuildFile; fileRef = 45117EDE1272381B002B821F /* libPlatinum.a */; };
		454E960C12CD951000C4B6A2 /* DeviceUtilities.m in Sources */ = {isa = PBXBuildFile; fileRef = 454E960B12CD951000C4B6A2 /* DeviceUtilities.m */; };
		454E962C12CE30E000C4B6A2 /* AboutView-iPad.xib in Resources */ = {isa = PBXBuildFile; fileRef = 454E962B12CE30E000C4B6A2 /* AboutView-iPad.xib */; };
		454E963212CE316600C4B6A2 /* FilesView-iPad.xib in Resources */ = {isa = PBXBuildFile; fileRef = 454E963112CE316600C4B6A2 /* FilesView-iPad.xib */; };
		454E963512CE325500C4B6A2 /* InstructionsView-iPad.xib in Resources */ = {isa = PBXBuildFile; fileRef = 454E963412CE325500C4B6A2 /* InstructionsView-iPad.xib */; };
		454E964312CE333400C4B6A2 /* RootView-iPad.xib in Resources */ = {isa = PBXBuildFile; fileRef = 454E964212CE333400C4B6A2 /* RootView-iPad.xib */; };
		455CE3C512792D460025ED87 /* background-iPhone.png in Resources */ = {isa = PBXBuildFile; fileRef = 455CE3C012792D460025ED87 /* background-iPhone.png */; };
		455CE3C612792D460025ED87 /* background-iPhone@2x.png in Resources */ = {isa = PBXBuildFile; fileRef = 455CE3C112792D460025ED87 /* background-iPhone@2x.png */; };
		455CE3C712792D460025ED87 /* sectionHeader-iPad.png in Resources */ = {isa = PBXBuildFile; fileRef = 455CE3C212792D460025ED87 /* sectionHeader-iPad.png */; };
		455CE3C812792D460025ED87 /* sectionHeader-iPhone.png in Resources */ = {isa = PBXBuildFile; fileRef = 455CE3C312792D460025ED87 /* sectionHeader-iPhone.png */; };
		455CE3C912792D460025ED87 /* sectionHeader-iPhone@2x.png in Resources */ = {isa = PBXBuildFile; fileRef = 455CE3C412792D460025ED87 /* sectionHeader-iPhone@2x.png */; };
		45A5E805127242480061B207 /* UpnpServer.m in Sources */ = {isa = PBXBuildFile; fileRef = 45A5E804127242480061B207 /* UpnpServer.m */; };
		45B95CC612C06F3D00670BD4 /* Icon-72.png in Resources */ = {isa = PBXBuildFile; fileRef = 45B95CC112C06F3D00670BD4 /* Icon-72.png */; };
		45B95CC712C06F3D00670BD4 /* Icon-Small-50.png in Resources */ = {isa = PBXBuildFile; fileRef = 45B95CC212C06F3D00670BD4 /* Icon-Small-50.png */; };
		45B95CC812C06F3D00670BD4 /* Icon-Small.png in Resources */ = {isa = PBXBuildFile; fileRef = 45B95CC312C06F3D00670BD4 /* Icon-Small.png */; };
		45B95CC912C06F3D00670BD4 /* Icon.png in Resources */ = {isa = PBXBuildFile; fileRef = 45B95CC412C06F3D00670BD4 /* Icon.png */; };
		45B95CCA12C06F3D00670BD4 /* Icon@2x.png in Resources */ = {isa = PBXBuildFile; fileRef = 45B95CC512C06F3D00670BD4 /* Icon@2x.png */; };
		45B95D2912C071BB00670BD4 /* Icon-Small@2x.png in Resources */ = {isa = PBXBuildFile; fileRef = 45B95D2812C071BB00670BD4 /* Icon-Small@2x.png */; };
		45C03AD71284F87400433460 /* Default-Portrait.png in Resources */ = {isa = PBXBuildFile; fileRef = 45C03AD51284F87400433460 /* Default-Portrait.png */; };
		45C03AD81284F87400433460 /* Default.png in Resources */ = {isa = PBXBuildFile; fileRef = 45C03AD61284F87400433460 /* Default.png */; };
		45C03AE51284FBF700433460 /* Default-Landscape.png in Resources */ = {isa = PBXBuildFile; fileRef = 45C03AE31284FBF700433460 /* Default-Landscape.png */; };
		45C03AE61284FBF700433460 /* Default@2x.png in Resources */ = {isa = PBXBuildFile; fileRef = 45C03AE41284FBF700433460 /* Default@2x.png */; };
		45F2FA8212CAE102003B3E1B /* FilesViewController.m in Sources */ = {isa = PBXBuildFile; fileRef = 45F2FA8012CAE102003B3E1B /* FilesViewController.m */; };
		45F2FA8312CAE102003B3E1B /* FilesView-iPhone.xib in Resources */ = {isa = PBXBuildFile; fileRef = 45F2FA8112CAE102003B3E1B /* FilesView-iPhone.xib */; };
		45F2FA8712CAE271003B3E1B /* RootViewController.m in Sources */ = {isa = PBXBuildFile; fileRef = 45F2FA8512CAE271003B3E1B /* RootViewController.m */; };
		45F2FA8812CAE271003B3E1B /* RootView-iPhone.xib in Resources */ = {isa = PBXBuildFile; fileRef = 45F2FA8612CAE271003B3E1B /* RootView-iPhone.xib */; };
		45F2FA8C12CAE31D003B3E1B /* AboutViewController.m in Sources */ = {isa = PBXBuildFile; fileRef = 45F2FA8A12CAE31D003B3E1B /* AboutViewController.m */; };
		45F2FA8D12CAE31D003B3E1B /* AboutView-iPhone.xib in Resources */ = {isa = PBXBuildFile; fileRef = 45F2FA8B12CAE31D003B3E1B /* AboutView-iPhone.xib */; };
		45F2FAAA12CAEEAD003B3E1B /* InstructionsView-iPhone.xib in Resources */ = {isa = PBXBuildFile; fileRef = 45F2FAA912CAEEAD003B3E1B /* InstructionsView-iPhone.xib */; };
		45FBDF861274A93200FBCA62 /* background-iPad.png in Resources */ = {isa = PBXBuildFile; fileRef = 45FBDF851274A93200FBCA62 /* background-iPad.png */; };
		45FBDF8B1274AA4900FBCA62 /* InstructionsViewController.m in Sources */ = {isa = PBXBuildFile; fileRef = 45FBDF891274AA4900FBCA62 /* InstructionsViewController.m */; };
		45FBE09B1274D9FA00FBCA62 /* DirectoryWatcher.m in Sources */ = {isa = PBXBuildFile; fileRef = 45FBE09A1274D9FA00FBCA62 /* DirectoryWatcher.m */; };
/* End PBXBuildFile section */

/* Begin PBXContainerItemProxy section */
		45117EDD1272381B002B821F /* PBXContainerItemProxy */ = {
			isa = PBXContainerItemProxy;
			containerPortal = 45117EA21272381B002B821F /* Platinum.xcodeproj */;
			proxyType = 2;
			remoteGlobalIDString = D2AAC046055464E500DB518D;
			remoteInfo = Platinum;
		};
		45117EDF1272381B002B821F /* PBXContainerItemProxy */ = {
			isa = PBXContainerItemProxy;
			containerPortal = 45117EA21272381B002B821F /* Platinum.xcodeproj */;
			proxyType = 2;
			remoteGlobalIDString = E42D3ABD0FDC87130045379C;
			remoteInfo = MediaCrawler;
		};
		45117EE11272381B002B821F /* PBXContainerItemProxy */ = {
			isa = PBXContainerItemProxy;
			containerPortal = 45117EA21272381B002B821F /* Platinum.xcodeproj */;
			proxyType = 2;
			remoteGlobalIDString = E42D3AD30FDC87DB0045379C;
			remoteInfo = MediaConnect;
		};
		45117EE31272381B002B821F /* PBXContainerItemProxy */ = {
			isa = PBXContainerItemProxy;
			containerPortal = 45117EA21272381B002B821F /* Platinum.xcodeproj */;
			proxyType = 2;
			remoteGlobalIDString = E42D3ADD0FDC87F50045379C;
			remoteInfo = MicroMediaController;
		};
		45117EE51272381B002B821F /* PBXContainerItemProxy */ = {
			isa = PBXContainerItemProxy;
			containerPortal = 45117EA21272381B002B821F /* Platinum.xcodeproj */;
			proxyType = 2;
			remoteGlobalIDString = E42D3AE70FDC880D0045379C;
			remoteInfo = FrameStreamer;
		};
		45117EE71272381B002B821F /* PBXContainerItemProxy */ = {
			isa = PBXContainerItemProxy;
			containerPortal = 45117EA21272381B002B821F /* Platinum.xcodeproj */;
			proxyType = 2;
			remoteGlobalIDString = E42D3B1B0FDC895A0045379C;
			remoteInfo = FileMediaServerTest;
		};
		45117EE91272381B002B821F /* PBXContainerItemProxy */ = {
			isa = PBXContainerItemProxy;
			containerPortal = 45117EA21272381B002B821F /* Platinum.xcodeproj */;
			proxyType = 2;
			remoteGlobalIDString = E42D3B260FDC89720045379C;
			remoteInfo = HttpTest;
		};
		45117EEB1272381B002B821F /* PBXContainerItemProxy */ = {
			isa = PBXContainerItemProxy;
			containerPortal = 45117EA21272381B002B821F /* Platinum.xcodeproj */;
			proxyType = 2;
			remoteGlobalIDString = E42D3B390FDC89B70045379C;
			remoteInfo = LightSampleTest;
		};
		45117EED1272381B002B821F /* PBXContainerItemProxy */ = {
			isa = PBXContainerItemProxy;
			containerPortal = 45117EA21272381B002B821F /* Platinum.xcodeproj */;
			proxyType = 2;
			remoteGlobalIDString = E42D3B450FDC89CD0045379C;
			remoteInfo = MediaRendererTest;
		};
		45117EEF1272381B002B821F /* PBXContainerItemProxy */ = {
			isa = PBXContainerItemProxy;
			containerPortal = 45117EA21272381B002B821F /* Platinum.xcodeproj */;
			proxyType = 2;
			remoteGlobalIDString = E42D3B500FDC89E10045379C;
			remoteInfo = SimpleTest;
		};
		45117EF11272381B002B821F /* PBXContainerItemProxy */ = {
			isa = PBXContainerItemProxy;
			containerPortal = 45117EA21272381B002B821F /* Platinum.xcodeproj */;
			proxyType = 2;
			remoteGlobalIDString = E42D3B5C0FDC89FC0045379C;
			remoteInfo = SsdpTest;
		};
		45117EF31272381B002B821F /* PBXContainerItemProxy */ = {
			isa = PBXContainerItemProxy;
			containerPortal = 45117EA21272381B002B821F /* Platinum.xcodeproj */;
			proxyType = 2;
			remoteGlobalIDString = E43F6BC510F1B74E00C97612;
			remoteInfo = TimeTest;
		};
		45117EF61272387D002B821F /* PBXContainerItemProxy */ = {
			isa = PBXContainerItemProxy;
			containerPortal = 45117EA21272381B002B821F /* Platinum.xcodeproj */;
			proxyType = 1;
			remoteGlobalIDString = D2AAC045055464E500DB518D;
			remoteInfo = Platinum;
		};
		45EFDC13127E3C7A003A4608 /* PBXContainerItemProxy */ = {
			isa = PBXContainerItemProxy;
			containerPortal = 45117EA21272381B002B821F /* Platinum.xcodeproj */;
			proxyType = 2;
			remoteGlobalIDString = E43741FC123FFB9800000109;
			remoteInfo = MediaServerCocoaTest;
		};
/* End PBXContainerItemProxy section */

/* Begin PBXFileReference section */
		1D30AB110D05D00D00671497 /* Foundation.framework */ = {isa = PBXFileReference; lastKnownFileType = wrapper.framework; name = Foundation.framework; path = System/Library/Frameworks/Foundation.framework; sourceTree = SDKROOT; };
		1D6058910D05DD3D006BFB54 /* Video Streamer.app */ = {isa = PBXFileReference; explicitFileType = wrapper.application; includeInIndex = 0; path = "Video Streamer.app"; sourceTree = BUILT_PRODUCTS_DIR; };
		1DF5F4DF0D08C38300B7A737 /* UIKit.framework */ = {isa = PBXFileReference; lastKnownFileType = wrapper.framework; name = UIKit.framework; path = System/Library/Frameworks/UIKit.framework; sourceTree = SDKROOT; };
		2860E327111B887F00E27156 /* MainWindow-iPhone.xib */ = {isa = PBXFileReference; lastKnownFileType = file.xib; name = "MainWindow-iPhone.xib"; path = "Classes/MainWindow-iPhone.xib"; sourceTree = "<group>"; };
		2860E32B111B888700E27156 /* AppDelegate.h */ = {isa = PBXFileReference; fileEncoding = 4; lastKnownFileType = sourcecode.c.h; name = AppDelegate.h; path = ../Classes/AppDelegate.h; sourceTree = "<group>"; };
		2860E32C111B888700E27156 /* AppDelegate.m */ = {isa = PBXFileReference; fileEncoding = 4; lastKnownFileType = sourcecode.c.objc; name = AppDelegate.m; path = ../Classes/AppDelegate.m; sourceTree = "<group>"; };
		2860E32D111B888700E27156 /* MainWindow-iPad.xib */ = {isa = PBXFileReference; lastKnownFileType = file.xib; name = "MainWindow-iPad.xib"; path = "Classes/MainWindow-iPad.xib"; sourceTree = "<group>"; };
		288765FC0DF74451002DB57D /* CoreGraphics.framework */ = {isa = PBXFileReference; lastKnownFileType = wrapper.framework; name = CoreGraphics.framework; path = System/Library/Frameworks/CoreGraphics.framework; sourceTree = SDKROOT; };
		29B97316FDCFA39411CA2CEA /* main.m */ = {isa = PBXFileReference; fileEncoding = 4; lastKnownFileType = sourcecode.c.objc; path = main.m; sourceTree = "<group>"; };
		32CA4F630368D1EE00C91783 /* UPnP_Media_Server_Prefix.pch */ = {isa = PBXFileReference; fileEncoding = 4; lastKnownFileType = sourcecode.c.h; path = UPnP_Media_Server_Prefix.pch; sourceTree = "<group>"; };
		45117EA21272381B002B821F /* Platinum.xcodeproj */ = {isa = PBXFileReference; lastKnownFileType = "wrapper.pb-project"; name = Platinum.xcodeproj; path = "Platinum/Platinum/Build/Targets/universal-apple-macosx/Platinum.xcodeproj"; sourceTree = SOURCE_ROOT; };
		454E960A12CD951000C4B6A2 /* DeviceUtilities.h */ = {isa = PBXFileReference; fileEncoding = 4; lastKnownFileType = sourcecode.c.h; path = DeviceUtilities.h; sourceTree = "<group>"; };
		454E960B12CD951000C4B6A2 /* DeviceUtilities.m */ = {isa = PBXFileReference; fileEncoding = 4; lastKnownFileType = sourcecode.c.objc; path = DeviceUtilities.m; sourceTree = "<group>"; };
		454E962B12CE30E000C4B6A2 /* AboutView-iPad.xib */ = {isa = PBXFileReference; lastKnownFileType = file.xib; name = "AboutView-iPad.xib"; path = "Classes/AboutView-iPad.xib"; sourceTree = "<group>"; };
		454E963112CE316600C4B6A2 /* FilesView-iPad.xib */ = {isa = PBXFileReference; lastKnownFileType = file.xib; name = "FilesView-iPad.xib"; path = "Classes/FilesView-iPad.xib"; sourceTree = "<group>"; };
		454E963412CE325500C4B6A2 /* InstructionsView-iPad.xib */ = {isa = PBXFileReference; lastKnownFileType = file.xib; name = "InstructionsView-iPad.xib"; path = "Classes/InstructionsView-iPad.xib"; sourceTree = "<group>"; };
		454E964212CE333400C4B6A2 /* RootView-iPad.xib */ = {isa = PBXFileReference; lastKnownFileType = file.xib; name = "RootView-iPad.xib"; path = "Classes/RootView-iPad.xib"; sourceTree = "<group>"; };
		455CE3C012792D460025ED87 /* background-iPhone.png */ = {isa = PBXFileReference; lastKnownFileType = image.png; name = "background-iPhone.png"; path = "Images/background-iPhone.png"; sourceTree = "<group>"; };
		455CE3C112792D460025ED87 /* background-iPhone@2x.png */ = {isa = PBXFileReference; lastKnownFileType = image.png; name = "background-iPhone@2x.png"; path = "Images/background-iPhone@2x.png"; sourceTree = "<group>"; };
		455CE3C212792D460025ED87 /* sectionHeader-iPad.png */ = {isa = PBXFileReference; lastKnownFileType = image.png; name = "sectionHeader-iPad.png"; path = "Images/sectionHeader-iPad.png"; sourceTree = "<group>"; };
		455CE3C312792D460025ED87 /* sectionHeader-iPhone.png */ = {isa = PBXFileReference; lastKnownFileType = image.png; name = "sectionHeader-iPhone.png"; path = "Images/sectionHeader-iPhone.png"; sourceTree = "<group>"; };
		455CE3C412792D460025ED87 /* sectionHeader-iPhone@2x.png */ = {isa = PBXFileReference; lastKnownFileType = image.png; name = "sectionHeader-iPhone@2x.png"; path = "Images/sectionHeader-iPhone@2x.png"; sourceTree = "<group>"; };
		45A5E803127242480061B207 /* UpnpServer.h */ = {isa = PBXFileReference; fileEncoding = 4; lastKnownFileType = sourcecode.c.h; path = UpnpServer.h; sourceTree = "<group>"; };
		45A5E804127242480061B207 /* UpnpServer.m */ = {isa = PBXFileReference; fileEncoding = 4; lastKnownFileType = sourcecode.c.objc; path = UpnpServer.m; sourceTree = "<group>"; };
		45B95CC112C06F3D00670BD4 /* Icon-72.png */ = {isa = PBXFileReference; lastKnownFileType = image.png; path = "Icon-72.png"; sourceTree = "<group>"; };
		45B95CC212C06F3D00670BD4 /* Icon-Small-50.png */ = {isa = PBXFileReference; lastKnownFileType = image.png; path = "Icon-Small-50.png"; sourceTree = "<group>"; };
		45B95CC312C06F3D00670BD4 /* Icon-Small.png */ = {isa = PBXFileReference; lastKnownFileType = image.png; path = "Icon-Small.png"; sourceTree = "<group>"; };
		45B95CC412C06F3D00670BD4 /* Icon.png */ = {isa = PBXFileReference; lastKnownFileType = image.png; path = Icon.png; sourceTree = "<group>"; };
		45B95CC512C06F3D00670BD4 /* Icon@2x.png */ = {isa = PBXFileReference; lastKnownFileType = image.png; path = "Icon@2x.png"; sourceTree = "<group>"; };
		45B95D2812C071BB00670BD4 /* Icon-Small@2x.png */ = {isa = PBXFileReference; lastKnownFileType = image.png; path = "Icon-Small@2x.png"; sourceTree = "<group>"; };
		45C03AD51284F87400433460 /* Default-Portrait.png */ = {isa = PBXFileReference; lastKnownFileType = image.png; path = "Default-Portrait.png"; sourceTree = "<group>"; };
		45C03AD61284F87400433460 /* Default.png */ = {isa = PBXFileReference; lastKnownFileType = image.png; path = Default.png; sourceTree = "<group>"; };
		45C03AE31284FBF700433460 /* Default-Landscape.png */ = {isa = PBXFileReference; lastKnownFileType = image.png; path = "Default-Landscape.png"; sourceTree = "<group>"; };
		45C03AE41284FBF700433460 /* Default@2x.png */ = {isa = PBXFileReference; lastKnownFileType = image.png; path = "Default@2x.png"; sourceTree = "<group>"; };
		45F2FA7F12CAE102003B3E1B /* FilesViewController.h */ = {isa = PBXFileReference; fileEncoding = 4; lastKnownFileType = sourcecode.c.h; name = FilesViewController.h; path = Classes/FilesViewController.h; sourceTree = "<group>"; };
		45F2FA8012CAE102003B3E1B /* FilesViewController.m */ = {isa = PBXFileReference; fileEncoding = 4; lastKnownFileType = sourcecode.c.objc; name = FilesViewController.m; path = Classes/FilesViewController.m; sourceTree = "<group>"; };
		45F2FA8112CAE102003B3E1B /* FilesView-iPhone.xib */ = {isa = PBXFileReference; lastKnownFileType = file.xib; name = "FilesView-iPhone.xib"; path = "Classes/FilesView-iPhone.xib"; sourceTree = "<group>"; };
		45F2FA8412CAE271003B3E1B /* RootViewController.h */ = {isa = PBXFileReference; fileEncoding = 4; lastKnownFileType = sourcecode.c.h; name = RootViewController.h; path = Classes/RootViewController.h; sourceTree = "<group>"; };
		45F2FA8512CAE271003B3E1B /* RootViewController.m */ = {isa = PBXFileReference; fileEncoding = 4; lastKnownFileType = sourcecode.c.objc; name = RootViewController.m; path = Classes/RootViewController.m; sourceTree = "<group>"; };
		45F2FA8612CAE271003B3E1B /* RootView-iPhone.xib */ = {isa = PBXFileReference; lastKnownFileType = file.xib; name = "RootView-iPhone.xib"; path = "Classes/RootView-iPhone.xib"; sourceTree = "<group>"; };
		45F2FA8912CAE31D003B3E1B /* AboutViewController.h */ = {isa = PBXFileReference; fileEncoding = 4; lastKnownFileType = sourcecode.c.h; name = AboutViewController.h; path = Classes/AboutViewController.h; sourceTree = "<group>"; };
		45F2FA8A12CAE31D003B3E1B /* AboutViewController.m */ = {isa = PBXFileReference; fileEncoding = 4; lastKnownFileType = sourcecode.c.objc; name = AboutViewController.m; path = Classes/AboutViewController.m; sourceTree = "<group>"; };
		45F2FA8B12CAE31D003B3E1B /* AboutView-iPhone.xib */ = {isa = PBXFileReference; lastKnownFileType = file.xib; name = "AboutView-iPhone.xib"; path = "Classes/AboutView-iPhone.xib"; sourceTree = "<group>"; };
		45F2FAA912CAEEAD003B3E1B /* InstructionsView-iPhone.xib */ = {isa = PBXFileReference; lastKnownFileType = file.xib; name = "InstructionsView-iPhone.xib"; path = "Classes/InstructionsView-iPhone.xib"; sourceTree = "<group>"; };
		45FBDF851274A93200FBCA62 /* background-iPad.png */ = {isa = PBXFileReference; lastKnownFileType = image.png; name = "background-iPad.png"; path = "Images/background-iPad.png"; sourceTree = "<group>"; };
		45FBDF881274AA4900FBCA62 /* InstructionsViewController.h */ = {isa = PBXFileReference; fileEncoding = 4; lastKnownFileType = sourcecode.c.h; name = InstructionsViewController.h; path = Classes/InstructionsViewController.h; sourceTree = "<group>"; };
		45FBDF891274AA4900FBCA62 /* InstructionsViewController.m */ = {isa = PBXFileReference; fileEncoding = 4; lastKnownFileType = sourcecode.c.objc; name = InstructionsViewController.m; path = Classes/InstructionsViewController.m; sourceTree = "<group>"; };
		45FBE0991274D9FA00FBCA62 /* DirectoryWatcher.h */ = {isa = PBXFileReference; fileEncoding = 4; lastKnownFileType = sourcecode.c.h; path = DirectoryWatcher.h; sourceTree = "<group>"; };
		45FBE09A1274D9FA00FBCA62 /* DirectoryWatcher.m */ = {isa = PBXFileReference; fileEncoding = 4; lastKnownFileType = sourcecode.c.objc; path = DirectoryWatcher.m; sourceTree = "<group>"; };
		8D1107310486CEB800E47090 /* UPnP_Media_Server-Info.plist */ = {isa = PBXFileReference; fileEncoding = 4; lastKnownFileType = text.plist.xml; path = "UPnP_Media_Server-Info.plist"; plistStructureDefinitionIdentifier = "com.apple.xcode.plist.structure-definition.iphone.info-plist"; sourceTree = "<group>"; };
/* End PBXFileReference section */

/* Begin PBXFrameworksBuildPhase section */
		1D60588F0D05DD3D006BFB54 /* Frameworks */ = {
			isa = PBXFrameworksBuildPhase;
			buildActionMask = 2147483647;
			files = (
				1D60589F0D05DD5A006BFB54 /* Foundation.framework in Frameworks */,
				1DF5F4E00D08C38300B7A737 /* UIKit.framework in Frameworks */,
				288765FD0DF74451002DB57D /* CoreGraphics.framework in Frameworks */,
				45117EF8127238B2002B821F /* libPlatinum.a in Frameworks */,
			);
			runOnlyForDeploymentPostprocessing = 0;
		};
/* End PBXFrameworksBuildPhase section */

/* Begin PBXGroup section */
		19C28FACFE9D520D11CA2CBB /* Products */ = {
			isa = PBXGroup;
			children = (
				1D6058910D05DD3D006BFB54 /* Video Streamer.app */,
			);
			name = Products;
			sourceTree = "<group>";
		};
		2860E324111B887F00E27156 /* Classes */ = {
			isa = PBXGroup;
			children = (
				45A5E803127242480061B207 /* UpnpServer.h */,
				45A5E804127242480061B207 /* UpnpServer.m */,
				45FBE0991274D9FA00FBCA62 /* DirectoryWatcher.h */,
				45FBE09A1274D9FA00FBCA62 /* DirectoryWatcher.m */,
				454E960A12CD951000C4B6A2 /* DeviceUtilities.h */,
				454E960B12CD951000C4B6A2 /* DeviceUtilities.m */,
			);
			path = Classes;
			sourceTree = "<group>";
		};
		2860E32A111B888700E27156 /* App Delegate */ = {
			isa = PBXGroup;
			children = (
				2860E32B111B888700E27156 /* AppDelegate.h */,
				2860E32C111B888700E27156 /* AppDelegate.m */,
			);
			name = "App Delegate";
			path = Classes;
			sourceTree = "<group>";
		};
		29B97314FDCFA39411CA2CEA /* CustomTemplate */ = {
			isa = PBXGroup;
			children = (
				45117EA21272381B002B821F /* Platinum.xcodeproj */,
				2860E32A111B888700E27156 /* App Delegate */,
				45FBDF871274A9FE00FBCA62 /* Controllers */,
				2860E324111B887F00E27156 /* Classes */,
				45FBDF801274A52400FBCA62 /* Views */,
				45FBDF841274A92300FBCA62 /* Images */,
				45117DA612722CE8002B821F /* Resources */,
				29B97315FDCFA39411CA2CEA /* Other Sources */,
				29B97323FDCFA39411CA2CEA /* Frameworks */,
				19C28FACFE9D520D11CA2CBB /* Products */,
			);
			name = CustomTemplate;
			sourceTree = "<group>";
		};
		29B97315FDCFA39411CA2CEA /* Other Sources */ = {
			isa = PBXGroup;
			children = (
				32CA4F630368D1EE00C91783 /* UPnP_Media_Server_Prefix.pch */,
				29B97316FDCFA39411CA2CEA /* main.m */,
			);
			name = "Other Sources";
			sourceTree = "<group>";
		};
		29B97323FDCFA39411CA2CEA /* Frameworks */ = {
			isa = PBXGroup;
			children = (
				1DF5F4DF0D08C38300B7A737 /* UIKit.framework */,
				1D30AB110D05D00D00671497 /* Foundation.framework */,
				288765FC0DF74451002DB57D /* CoreGraphics.framework */,
			);
			name = Frameworks;
			sourceTree = "<group>";
		};
		45117DA612722CE8002B821F /* Resources */ = {
			isa = PBXGroup;
			children = (
				45B95CC112C06F3D00670BD4 /* Icon-72.png */,
				45B95CC212C06F3D00670BD4 /* Icon-Small-50.png */,
				45B95CC312C06F3D00670BD4 /* Icon-Small.png */,
				45B95D2812C071BB00670BD4 /* Icon-Small@2x.png */,
				45B95CC412C06F3D00670BD4 /* Icon.png */,
				45B95CC512C06F3D00670BD4 /* Icon@2x.png */,
				45C03AE31284FBF700433460 /* Default-Landscape.png */,
				45C03AE41284FBF700433460 /* Default@2x.png */,
				45C03AD51284F87400433460 /* Default-Portrait.png */,
				45C03AD61284F87400433460 /* Default.png */,
				2860E32D111B888700E27156 /* MainWindow-iPad.xib */,
				2860E327111B887F00E27156 /* MainWindow-iPhone.xib */,
				8D1107310486CEB800E47090 /* UPnP_Media_Server-Info.plist */,
			);
			name = Resources;
			sourceTree = "<group>";
		};
		45117ECB1272381B002B821F /* Products */ = {
			isa = PBXGroup;
			children = (
				45117EDE1272381B002B821F /* libPlatinum.a */,
				45117EE01272381B002B821F /* MediaCrawler */,
				45117EE21272381B002B821F /* MediaConnect */,
				45117EE41272381B002B821F /* MicroMediaController */,
				45117EE61272381B002B821F /* FrameStreamer */,
				45117EE81272381B002B821F /* FileMediaServerTest */,
				45117EEA1272381B002B821F /* HttpTest */,
				45117EEC1272381B002B821F /* LightSampleTest */,
				45117EEE1272381B002B821F /* MediaRendererTest */,
				45117EF01272381B002B821F /* SimpleTest */,
				45117EF21272381B002B821F /* SsdpTest */,
				45117EF41272381B002B821F /* TimeTest */,
				45EFDC14127E3C7A003A4608 /* MediaServerCocoaTest.app */,
			);
			name = Products;
			sourceTree = "<group>";
		};
		45FBDF801274A52400FBCA62 /* Views */ = {
			isa = PBXGroup;
			children = (
				454E962B12CE30E000C4B6A2 /* AboutView-iPad.xib */,
				45F2FA8B12CAE31D003B3E1B /* AboutView-iPhone.xib */,
				454E963112CE316600C4B6A2 /* FilesView-iPad.xib */,
				45F2FA8112CAE102003B3E1B /* FilesView-iPhone.xib */,
				454E963412CE325500C4B6A2 /* InstructionsView-iPad.xib */,
				45F2FAA912CAEEAD003B3E1B /* InstructionsView-iPhone.xib */,
				454E964212CE333400C4B6A2 /* RootView-iPad.xib */,
				45F2FA8612CAE271003B3E1B /* RootView-iPhone.xib */,
			);
			name = Views;
			sourceTree = "<group>";
		};
		45FBDF841274A92300FBCA62 /* Images */ = {
			isa = PBXGroup;
			children = (
				45FBDF851274A93200FBCA62 /* background-iPad.png */,
				455CE3C012792D460025ED87 /* background-iPhone.png */,
				455CE3C112792D460025ED87 /* background-iPhone@2x.png */,
				455CE3C212792D460025ED87 /* sectionHeader-iPad.png */,
				455CE3C312792D460025ED87 /* sectionHeader-iPhone.png */,
				455CE3C412792D460025ED87 /* sectionHeader-iPhone@2x.png */,
			);
			name = Images;
			sourceTree = "<group>";
		};
		45FBDF871274A9FE00FBCA62 /* Controllers */ = {
			isa = PBXGroup;
			children = (
				45F2FA8912CAE31D003B3E1B /* AboutViewController.h */,
				45F2FA8A12CAE31D003B3E1B /* AboutViewController.m */,
				45F2FA7F12CAE102003B3E1B /* FilesViewController.h */,
				45F2FA8012CAE102003B3E1B /* FilesViewController.m */,
				45FBDF881274AA4900FBCA62 /* InstructionsViewController.h */,
				45FBDF891274AA4900FBCA62 /* InstructionsViewController.m */,
				45F2FA8412CAE271003B3E1B /* RootViewController.h */,
				45F2FA8512CAE271003B3E1B /* RootViewController.m */,
			);
			name = Controllers;
			sourceTree = "<group>";
		};
/* End PBXGroup section */

/* Begin PBXNativeTarget section */
		1D6058900D05DD3D006BFB54 /* Video Streamer */ = {
			isa = PBXNativeTarget;
			buildConfigurationList = 1D6058960D05DD3E006BFB54 /* Build configuration list for PBXNativeTarget "Video Streamer" */;
			buildPhases = (
				1D60588D0D05DD3D006BFB54 /* Resources */,
				1D60588E0D05DD3D006BFB54 /* Sources */,
				1D60588F0D05DD3D006BFB54 /* Frameworks */,
			);
			buildRules = (
			);
			dependencies = (
				45117EF71272387D002B821F /* PBXTargetDependency */,
			);
			name = "Video Streamer";
			productName = "UPnP Media Server";
			productReference = 1D6058910D05DD3D006BFB54 /* Video Streamer.app */;
			productType = "com.apple.product-type.application";
		};
/* End PBXNativeTarget section */

/* Begin PBXProject section */
		29B97313FDCFA39411CA2CEA /* Project object */ = {
			isa = PBXProject;
			buildConfigurationList = C01FCF4E08A954540054247B /* Build configuration list for PBXProject "Video Streamer" */;
			compatibilityVersion = "Xcode 3.2";
			developmentRegion = English;
			hasScannedForEncodings = 1;
			knownRegions = (
				English,
				Japanese,
				French,
				German,
			);
			mainGroup = 29B97314FDCFA39411CA2CEA /* CustomTemplate */;
			projectDirPath = "";
			projectReferences = (
				{
					ProductGroup = 45117ECB1272381B002B821F /* Products */;
					ProjectRef = 45117EA21272381B002B821F /* Platinum.xcodeproj */;
				},
			);
			projectRoot = "";
			targets = (
				1D6058900D05DD3D006BFB54 /* Video Streamer */,
			);
		};
/* End PBXProject section */

/* Begin PBXReferenceProxy section */
		45117EDE1272381B002B821F /* libPlatinum.a */ = {
			isa = PBXReferenceProxy;
			fileType = archive.ar;
			path = libPlatinum.a;
			remoteRef = 45117EDD1272381B002B821F /* PBXContainerItemProxy */;
			sourceTree = BUILT_PRODUCTS_DIR;
		};
		45117EE01272381B002B821F /* MediaCrawler */ = {
			isa = PBXReferenceProxy;
			fileType = "compiled.mach-o.executable";
			path = MediaCrawler;
			remoteRef = 45117EDF1272381B002B821F /* PBXContainerItemProxy */;
			sourceTree = BUILT_PRODUCTS_DIR;
		};
		45117EE21272381B002B821F /* MediaConnect */ = {
			isa = PBXReferenceProxy;
			fileType = "compiled.mach-o.executable";
			path = MediaConnect;
			remoteRef = 45117EE11272381B002B821F /* PBXContainerItemProxy */;
			sourceTree = BUILT_PRODUCTS_DIR;
		};
		45117EE41272381B002B821F /* MicroMediaController */ = {
			isa = PBXReferenceProxy;
			fileType = "compiled.mach-o.executable";
			path = MicroMediaController;
			remoteRef = 45117EE31272381B002B821F /* PBXContainerItemProxy */;
			sourceTree = BUILT_PRODUCTS_DIR;
		};
		45117EE61272381B002B821F /* FrameStreamer */ = {
			isa = PBXReferenceProxy;
			fileType = "compiled.mach-o.executable";
			path = FrameStreamer;
			remoteRef = 45117EE51272381B002B821F /* PBXContainerItemProxy */;
			sourceTree = BUILT_PRODUCTS_DIR;
		};
		45117EE81272381B002B821F /* FileMediaServerTest */ = {
			isa = PBXReferenceProxy;
			fileType = "compiled.mach-o.executable";
			path = FileMediaServerTest;
			remoteRef = 45117EE71272381B002B821F /* PBXContainerItemProxy */;
			sourceTree = BUILT_PRODUCTS_DIR;
		};
		45117EEA1272381B002B821F /* HttpTest */ = {
			isa = PBXReferenceProxy;
			fileType = "compiled.mach-o.executable";
			path = HttpTest;
			remoteRef = 45117EE91272381B002B821F /* PBXContainerItemProxy */;
			sourceTree = BUILT_PRODUCTS_DIR;
		};
		45117EEC1272381B002B821F /* LightSampleTest */ = {
			isa = PBXReferenceProxy;
			fileType = "compiled.mach-o.executable";
			path = LightSampleTest;
			remoteRef = 45117EEB1272381B002B821F /* PBXContainerItemProxy */;
			sourceTree = BUILT_PRODUCTS_DIR;
		};
		45117EEE1272381B002B821F /* MediaRendererTest */ = {
			isa = PBXReferenceProxy;
			fileType = "compiled.mach-o.executable";
			path = MediaRendererTest;
			remoteRef = 45117EED1272381B002B821F /* PBXContainerItemProxy */;
			sourceTree = BUILT_PRODUCTS_DIR;
		};
		45117EF01272381B002B821F /* SimpleTest */ = {
			isa = PBXReferenceProxy;
			fileType = "compiled.mach-o.executable";
			path = SimpleTest;
			remoteRef = 45117EEF1272381B002B821F /* PBXContainerItemProxy */;
			sourceTree = BUILT_PRODUCTS_DIR;
		};
		45117EF21272381B002B821F /* SsdpTest */ = {
			isa = PBXReferenceProxy;
			fileType = "compiled.mach-o.executable";
			path = SsdpTest;
			remoteRef = 45117EF11272381B002B821F /* PBXContainerItemProxy */;
			sourceTree = BUILT_PRODUCTS_DIR;
		};
		45117EF41272381B002B821F /* TimeTest */ = {
			isa = PBXReferenceProxy;
			fileType = "compiled.mach-o.executable";
			path = TimeTest;
			remoteRef = 45117EF31272381B002B821F /* PBXContainerItemProxy */;
			sourceTree = BUILT_PRODUCTS_DIR;
		};
		45EFDC14127E3C7A003A4608 /* MediaServerCocoaTest.app */ = {
			isa = PBXReferenceProxy;
			fileType = wrapper.application;
			path = MediaServerCocoaTest.app;
			remoteRef = 45EFDC13127E3C7A003A4608 /* PBXContainerItemProxy */;
			sourceTree = BUILT_PRODUCTS_DIR;
		};
/* End PBXReferenceProxy section */

/* Begin PBXResourcesBuildPhase section */
		1D60588D0D05DD3D006BFB54 /* Resources */ = {
			isa = PBXResourcesBuildPhase;
			buildActionMask = 2147483647;
			files = (
				2860E329111B887F00E27156 /* MainWindow-iPhone.xib in Resources */,
				2860E32F111B888700E27156 /* MainWindow-iPad.xib in Resources */,
				45FBDF861274A93200FBCA62 /* background-iPad.png in Resources */,
				455CE3C512792D460025ED87 /* background-iPhone.png in Resources */,
				455CE3C612792D460025ED87 /* background-iPhone@2x.png in Resources */,
				455CE3C712792D460025ED87 /* sectionHeader-iPad.png in Resources */,
				455CE3C812792D460025ED87 /* sectionHeader-iPhone.png in Resources */,
				455CE3C912792D460025ED87 /* sectionHeader-iPhone@2x.png in Resources */,
				45C03AD71284F87400433460 /* Default-Portrait.png in Resources */,
				45C03AD81284F87400433460 /* Default.png in Resources */,
				45C03AE51284FBF700433460 /* Default-Landscape.png in Resources */,
				45C03AE61284FBF700433460 /* Default@2x.png in Resources */,
				45B95CC612C06F3D00670BD4 /* Icon-72.png in Resources */,
				45B95CC712C06F3D00670BD4 /* Icon-Small-50.png in Resources */,
				45B95CC812C06F3D00670BD4 /* Icon-Small.png in Resources */,
				45B95CC912C06F3D00670BD4 /* Icon.png in Resources */,
				45B95CCA12C06F3D00670BD4 /* Icon@2x.png in Resources */,
				45B95D2912C071BB00670BD4 /* Icon-Small@2x.png in Resources */,
				45F2FA8312CAE102003B3E1B /* FilesView-iPhone.xib in Resources */,
				45F2FA8812CAE271003B3E1B /* RootView-iPhone.xib in Resources */,
				45F2FA8D12CAE31D003B3E1B /* AboutView-iPhone.xib in Resources */,
				45F2FAAA12CAEEAD003B3E1B /* InstructionsView-iPhone.xib in Resources */,
				454E962C12CE30E000C4B6A2 /* AboutView-iPad.xib in Resources */,
				454E963212CE316600C4B6A2 /* FilesView-iPad.xib in Resources */,
				454E963512CE325500C4B6A2 /* InstructionsView-iPad.xib in Resources */,
				454E964312CE333400C4B6A2 /* RootView-iPad.xib in Resources */,
			);
			runOnlyForDeploymentPostprocessing = 0;
		};
/* End PBXResourcesBuildPhase section */

/* Begin PBXSourcesBuildPhase section */
		1D60588E0D05DD3D006BFB54 /* Sources */ = {
			isa = PBXSourcesBuildPhase;
			buildActionMask = 2147483647;
			files = (
				1D60589B0D05DD56006BFB54 /* main.m in Sources */,
				2860E32E111B888700E27156 /* AppDelegate.m in Sources */,
				45A5E805127242480061B207 /* UpnpServer.m in Sources */,
				45FBDF8B1274AA4900FBCA62 /* InstructionsViewController.m in Sources */,
				45FBE09B1274D9FA00FBCA62 /* DirectoryWatcher.m in Sources */,
				45F2FA8212CAE102003B3E1B /* FilesViewController.m in Sources */,
				45F2FA8712CAE271003B3E1B /* RootViewController.m in Sources */,
				45F2FA8C12CAE31D003B3E1B /* AboutViewController.m in Sources */,
				454E960C12CD951000C4B6A2 /* DeviceUtilities.m in Sources */,
			);
			runOnlyForDeploymentPostprocessing = 0;
		};
/* End PBXSourcesBuildPhase section */

/* Begin PBXTargetDependency section */
		45117EF71272387D002B821F /* PBXTargetDependency */ = {
			isa = PBXTargetDependency;
			name = Platinum;
			targetProxy = 45117EF61272387D002B821F /* PBXContainerItemProxy */;
		};
/* End PBXTargetDependency section */

/* Begin XCBuildConfiguration section */
		1D6058940D05DD3E006BFB54 /* Debug */ = {
			isa = XCBuildConfiguration;
			buildSettings = {
				ALWAYS_SEARCH_USER_PATHS = NO;
				COPY_PHASE_STRIP = NO;
				GCC_DYNAMIC_NO_PIC = NO;
				GCC_OPTIMIZATION_LEVEL = 0;
				GCC_PRECOMPILE_PREFIX_HEADER = YES;
				GCC_PREFIX_HEADER = UPnP_Media_Server_Prefix.pch;
				INFOPLIST_FILE = "UPnP_Media_Server-Info.plist";
				PRODUCT_NAME = "Video Streamer";
			};
			name = Debug;
		};
		1D6058950D05DD3E006BFB54 /* Release */ = {
			isa = XCBuildConfiguration;
			buildSettings = {
				ALWAYS_SEARCH_USER_PATHS = NO;
				COPY_PHASE_STRIP = YES;
				GCC_PRECOMPILE_PREFIX_HEADER = YES;
				GCC_PREFIX_HEADER = UPnP_Media_Server_Prefix.pch;
				INFOPLIST_FILE = "UPnP_Media_Server-Info.plist";
				PRODUCT_NAME = "Video Streamer";
				VALIDATE_PRODUCT = YES;
			};
			name = Release;
		};
		450F451212D5820D00545DBB /* Distribution */ = {
			isa = XCBuildConfiguration;
			buildSettings = {
				ARCHS = "$(ARCHS_STANDARD_32_BIT)";
				"CODE_SIGN_IDENTITY[sdk=iphoneos*]" = "iPhone Distribution: Brandon Alexander";
				GCC_C_LANGUAGE_STANDARD = c99;
				GCC_INPUT_FILETYPE = sourcecode.cpp.objcpp;
				GCC_WARN_ABOUT_RETURN_TYPE = YES;
				GCC_WARN_UNUSED_VARIABLE = YES;
				HEADER_SEARCH_PATHS = (
					"Platinum/Neptune/Source/**",
					"Platinum/Platinum/Source/**",
				);
				IPHONEOS_DEPLOYMENT_TARGET = 3.2;
				OTHER_CFLAGS = "-DNS_BLOCK_ASSERTIONS=1";
				PREBINDING = NO;
				"PROVISIONING_PROFILE[sdk=iphoneos*]" = "9F52FF86-2BAE-46FD-8079-A29C0EB8FDBA";
				SDKROOT = iphoneos;
				TARGETED_DEVICE_FAMILY = "1,2";
			};
			name = Distribution;
		};
		450F451312D5820D00545DBB /* Distribution */ = {
			isa = XCBuildConfiguration;
			buildSettings = {
				ALWAYS_SEARCH_USER_PATHS = NO;
				COPY_PHASE_STRIP = YES;
				GCC_PRECOMPILE_PREFIX_HEADER = YES;
				GCC_PREFIX_HEADER = UPnP_Media_Server_Prefix.pch;
				INFOPLIST_FILE = "UPnP_Media_Server-Info.plist";
				PRODUCT_NAME = "Video Streamer";
				VALIDATE_PRODUCT = YES;
			};
			name = Distribution;
		};
		C01FCF4F08A954540054247B /* Debug */ = {
			isa = XCBuildConfiguration;
			buildSettings = {
				ARCHS = "$(ARCHS_STANDARD_32_BIT)";
				"CODE_SIGN_IDENTITY[sdk=iphoneos*]" = "iPhone Developer";
				GCC_C_LANGUAGE_STANDARD = c99;
				GCC_INPUT_FILETYPE = sourcecode.cpp.objcpp;
				GCC_WARN_ABOUT_RETURN_TYPE = YES;
				GCC_WARN_UNUSED_VARIABLE = YES;
				HEADER_SEARCH_PATHS = (
					"Platinum/Neptune/Source/**",
					"Platinum/Platinum/Source/**",
				);
				IPHONEOS_DEPLOYMENT_TARGET = 3.2;
				PREBINDING = NO;
				SDKROOT = iphoneos;
				TARGETED_DEVICE_FAMILY = "1,2";
			};
			name = Debug;
		};
		C01FCF5008A954540054247B /* Release */ = {
			isa = XCBuildConfiguration;
			buildSettings = {
				ARCHS = "$(ARCHS_STANDARD_32_BIT)";
				"CODE_SIGN_IDENTITY[sdk=iphoneos*]" = "iPhone Developer";
				GCC_C_LANGUAGE_STANDARD = c99;
				GCC_INPUT_FILETYPE = sourcecode.cpp.objcpp;
				GCC_WARN_ABOUT_RETURN_TYPE = YES;
				GCC_WARN_UNUSED_VARIABLE = YES;
				HEADER_SEARCH_PATHS = (
					"Platinum/Neptune/Source/**",
					"Platinum/Platinum/Source/**",
				);
				IPHONEOS_DEPLOYMENT_TARGET = 3.2;
				OTHER_CFLAGS = "-DNS_BLOCK_ASSERTIONS=1";
				PREBINDING = NO;
				SDKROOT = iphoneos;
				TARGETED_DEVICE_FAMILY = "1,2";
			};
			name = Release;
		};
/* End XCBuildConfiguration section */

/* Begin XCConfigurationList section */
		1D6058960D05DD3E006BFB54 /* Build configuration list for PBXNativeTarget "Video Streamer" */ = {
			isa = XCConfigurationList;
			buildConfigurations = (
				1D6058940D05DD3E006BFB54 /* Debug */,
				1D6058950D05DD3E006BFB54 /* Release */,
				450F451312D5820D00545DBB /* Distribution */,
			);
			defaultConfigurationIsVisible = 0;
			defaultConfigurationName = Release;
		};
		C01FCF4E08A954540054247B /* Build configuration list for PBXProject "Video Streamer" */ = {
			isa = XCConfigurationList;
			buildConfigurations = (
				C01FCF4F08A954540054247B /* Debug */,
				C01FCF5008A954540054247B /* Release */,
				450F451212D5820D00545DBB /* Distribution */,
			);
			defaultConfigurationIsVisible = 0;
			defaultConfigurationName = Release;
		};
/* End XCConfigurationList section */
	};
	rootObject = 29B97313FDCFA39411CA2CEA /* Project object */;
}
